github.com/pkg6/gotool v0.0.0-20230306145240-b28571cb92f9 h1:pndUhGpkTASb56NsxhOvtvHwTpknOPA9Od13Wmte0Io=
github.com/pkg6/gotool v0.0.0-20230306145240-b28571cb92f9/go.mod h1:tZfL0flH05jPZMqoR5B8g7iht3H/HfHu1iFVVCeAj3o=
github.com/pkg6/gotool v0.0.0-20230307043040-bea73ad7fad1 h1:10zRE4H6AeGTve/eTCG48vAovbeGID8XTxHzsKSDw58=
github.com/pkg6/gotool v0.0.0-20230307043040-bea73ad7fad1/go.mod h1:tZfL0flH05jPZMqoR5B8g7iht3H/HfHu1iFVVCeAj3o=
github.com/pkg6/gotool v0.0.0-20230307043835-7fb6514cf055 h1:rllR7/d7pnm0T+OaE2QOc13CBMZIvtu509z7FmcjYXM=
github.com/pkg6/gotool v0.0.0-20230307043835-7fb6514cf055/go.mod h1:tZfL0flH05jPZMqoR5B8g7iht3H/HfHu1iFVVCeAj3o=
github.com/pkg6/gotool v0.0.0-20230307052039-9b527a0b214d h1:n7rinNU//p68vq2MMlpYT2F1jSNuIax9km4XWc8nCbg=
github.com/pkg6/gotool v0.0.0-20230307052039-9b527a0b214d/go.mod h1:tZfL0flH05jPZMqoR5B8g7iht3H/HfHu1iFVVCeAj3o=
github.com/pkg6/gotool v0.0.0-20230310160304-b2b482041f79 h1:YbT2sXuz0rqQnbPvlaAkwRxC16e+mcYTZLJKjMVF9Cc=
github.com/pkg6/gotool v0.0.0-20230310160304-b2b482041f79/go.mod h1:tZfL0flH05jPZMqoR5B8g7iht3H/HfHu1iFVVCeAj3o=
